<?xml version="1.0" encoding="utf-8"?>
<Project ToolsVersion="4.0" xmlns="http://schemas.microsoft.com/developer/msbuild/2003">
  <ItemGroup>
    <ClCompile Include="Attitude.cpp" />
    <ClCompile Include="$(MSFS_SDK)WASM\src\MSFS\render\nanovg.cpp" />
    <ClCompile Include="engine\client\avi\avi_stub.c" />
    <ClCompile Include="engine\client\avi\avi_win.c" />
    <ClCompile Include="engine\client\cl_cmds.c" />
    <ClCompile Include="engine\client\cl_custom.c" />
    <ClCompile Include="engine\client\cl_debug.c" />
    <ClCompile Include="engine\client\cl_demo.c" />
    <ClCompile Include="engine\client\cl_efrag.c" />
    <ClCompile Include="engine\client\cl_efx.c" />
    <ClCompile Include="engine\client\cl_events.c" />
    <ClCompile Include="engine\client\cl_font.c" />
    <ClCompile Include="engine\client\cl_frame.c" />
    <ClCompile Include="engine\client\cl_game.c" />
    <ClCompile Include="engine\client\cl_gameui.c" />
    <ClCompile Include="engine\client\cl_main.c" />
    <ClCompile Include="engine\client\cl_mobile.c" />
    <ClCompile Include="engine\client\cl_netgraph.c" />
    <ClCompile Include="engine\client\cl_parse.c" />
    <ClCompile Include="engine\client\cl_pmove.c" />
    <ClCompile Include="engine\client\cl_qparse.c" />
    <ClCompile Include="engine\client\cl_remap.c" />
    <ClCompile Include="engine\client\cl_render.c" />
    <ClCompile Include="engine\client\cl_scrn.c" />
    <ClCompile Include="engine\client\cl_securedstub.c" />
    <ClCompile Include="engine\client\cl_tent.c" />
    <ClCompile Include="engine\client\cl_video.c" />
    <ClCompile Include="engine\client\cl_view.c" />
    <ClCompile Include="engine\client\console.c" />
    <ClCompile Include="engine\client\input.c" />
    <ClCompile Include="engine\client\in_joy.c" />
    <ClCompile Include="engine\client\in_touch.c" />
    <ClCompile Include="engine\client\keys.c" />
    <ClCompile Include="engine\client\ref_common.c" />
    <ClCompile Include="engine\client\s_dsp.c" />
    <ClCompile Include="engine\client\s_load.c" />
    <ClCompile Include="engine\client\s_main.c" />
    <ClCompile Include="engine\client\s_mix.c" />
    <ClCompile Include="engine\client\s_mouth.c" />
    <ClCompile Include="engine\client\s_stream.c" />
    <ClCompile Include="engine\client\s_utils.c" />
    <ClCompile Include="engine\client\s_vox.c" />
    <ClCompile Include="engine\client\titles.c" />
    <ClCompile Include="engine\client\vgui\vgui_draw.c" />
    <ClCompile Include="engine\client\vid_common.c" />
    <ClCompile Include="engine\client\voice.c" />
    <ClCompile Include="engine\common\base_cmd.c" />
    <ClCompile Include="engine\common\cfgscript.c" />
    <ClCompile Include="engine\common\cmd.c" />
    <ClCompile Include="engine\common\common.c" />
    <ClCompile Include="engine\common\con_utils.c" />
    <ClCompile Include="engine\common\crashhandler.c" />
    <ClCompile Include="engine\common\custom.c" />
    <ClCompile Include="engine\common\cvar.c" />
    <ClCompile Include="engine\common\dedicated.c" />
    <ClCompile Include="engine\common\filesystem_engine.c" />
    <ClCompile Include="engine\common\gamma.c" />
    <ClCompile Include="engine\common\host.c" />
    <ClCompile Include="engine\common\host_state.c" />
    <ClCompile Include="engine\common\hpak.c" />
    <ClCompile Include="engine\common\identification.c" />
    <ClCompile Include="engine\common\imagelib\img_bmp.c" />
    <ClCompile Include="engine\common\imagelib\img_dds.c" />
    <ClCompile Include="engine\common\imagelib\img_main.c" />
    <ClCompile Include="engine\common\imagelib\img_quant.c" />
    <ClCompile Include="engine\common\imagelib\img_tga.c" />
    <ClCompile Include="engine\common\imagelib\img_utils.c" />
    <ClCompile Include="engine\common\imagelib\img_wad.c" />
    <ClCompile Include="engine\common\infostring.c" />
    <ClCompile Include="engine\common\ipv6text.c" />
    <ClCompile Include="engine\common\launcher.c" />
    <ClCompile Include="engine\common\lib_common.c" />
    <ClCompile Include="engine\common\masterlist.c" />
    <ClCompile Include="engine\common\model.c" />
    <ClCompile Include="engine\common\mod_bmodel.c" />
    <ClCompile Include="engine\common\mod_sprite.c" />
    <ClCompile Include="engine\common\mod_studio.c" />
    <ClCompile Include="engine\common\net_buffer.c" />
    <ClCompile Include="engine\common\net_chan.c" />
    <ClCompile Include="engine\common\net_encode.c" />
    <ClCompile Include="engine\common\net_ws.c" />
    <ClCompile Include="engine\common\pm_debug.c" />
    <ClCompile Include="engine\common\pm_surface.c" />
    <ClCompile Include="engine\common\pm_trace.c" />
    <ClCompile Include="engine\common\sequence.c" />
    <ClCompile Include="engine\common\soundlib\libmpg\dct36.c" />
    <ClCompile Include="engine\common\soundlib\libmpg\dct64.c" />
    <ClCompile Include="engine\common\soundlib\libmpg\format.c" />
    <ClCompile Include="engine\common\soundlib\libmpg\frame.c" />
    <ClCompile Include="engine\common\soundlib\libmpg\index.c" />
    <ClCompile Include="engine\common\soundlib\libmpg\layer3.c" />
    <ClCompile Include="engine\common\soundlib\libmpg\libmpg.c" />
    <ClCompile Include="engine\common\soundlib\libmpg\mpg123.c" />
    <ClCompile Include="engine\common\soundlib\libmpg\parse.c" />
    <ClCompile Include="engine\common\soundlib\libmpg\reader.c" />
    <ClCompile Include="engine\common\soundlib\libmpg\synth.c" />
    <ClCompile Include="engine\common\soundlib\libmpg\tabinit.c" />
    <ClCompile Include="engine\common\soundlib\snd_main.c" />
    <ClCompile Include="engine\common\soundlib\snd_mp3.c" />
    <ClCompile Include="engine\common\soundlib\snd_utils.c" />
    <ClCompile Include="engine\common\soundlib\snd_wav.c" />
    <ClCompile Include="engine\common\system.c" />
    <ClCompile Include="engine\common\sys_con.c" />
    <ClCompile Include="engine\common\whereami.c" />
    <ClCompile Include="engine\common\world.c" />
    <ClCompile Include="engine\common\zone.c" />
    <ClCompile Include="engine\filesystem\dir.c" />
    <ClCompile Include="engine\filesystem\filesystem.c" />
    <ClCompile Include="engine\filesystem\pak.c" />
    <ClCompile Include="engine\filesystem\VFileSystem009.cpp" />
    <ClCompile Include="engine\filesystem\wad.c" />
    <ClCompile Include="engine\filesystem\zip.c" />
    <ClCompile Include="engine\mainui\BaseMenu.cpp" />
    <ClCompile Include="engine\mainui\Btns.cpp" />
    <ClCompile Include="engine\mainui\CFGScript_cpp.cpp" />
    <ClCompile Include="engine\mainui\controls\Action.cpp" />
    <ClCompile Include="engine\mainui\controls\BackgroundBitmap.cpp" />
    <ClCompile Include="engine\mainui\controls\BaseClientWindow.cpp" />
    <ClCompile Include="engine\mainui\controls\BaseItem.cpp" />
    <ClCompile Include="engine\mainui\controls\BaseWindow.cpp" />
    <ClCompile Include="engine\mainui\controls\Bitmap.cpp" />
    <ClCompile Include="engine\mainui\controls\CheckBox.cpp" />
    <ClCompile Include="engine\mainui\controls\Editable.cpp" />
    <ClCompile Include="engine\mainui\controls\Field.cpp" />
    <ClCompile Include="engine\mainui\controls\Framework.cpp" />
    <ClCompile Include="engine\mainui\controls\ItemsHolder.cpp" />
    <ClCompile Include="engine\mainui\controls\MessageBox.cpp" />
    <ClCompile Include="engine\mainui\controls\PicButton.cpp" />
    <ClCompile Include="engine\mainui\controls\PlayerModelView.cpp" />
    <ClCompile Include="engine\mainui\controls\ProgressBar.cpp" />
    <ClCompile Include="engine\mainui\controls\ScrollView.cpp" />
    <ClCompile Include="engine\mainui\controls\Slider.cpp" />
    <ClCompile Include="engine\mainui\controls\SpinControl.cpp" />
    <ClCompile Include="engine\mainui\controls\Switch.cpp" />
    <ClCompile Include="engine\mainui\controls\Table.cpp" />
    <ClCompile Include="engine\mainui\controls\TabView.cpp" />
    <ClCompile Include="engine\mainui\controls\YesNoMessageBox.cpp" />
    <ClCompile Include="engine\mainui\EngineCallback.cpp" />
    <ClCompile Include="engine\mainui\EventSystem.cpp" />
    <ClCompile Include="engine\mainui\font\BaseFontBackend.cpp" />
    <ClCompile Include="engine\mainui\font\BitmapFont.cpp" />
    <ClCompile Include="engine\mainui\font\FontManager.cpp" />
    <ClCompile Include="engine\mainui\menus\AdvancedControls.cpp" />
    <ClCompile Include="engine\mainui\menus\Audio.cpp" />
    <ClCompile Include="engine\mainui\menus\Configuration.cpp" />
    <ClCompile Include="engine\mainui\menus\ConnectionProgress.cpp" />
    <ClCompile Include="engine\mainui\menus\ConnectionWarning.cpp" />
    <ClCompile Include="engine\mainui\menus\Controls.cpp" />
    <ClCompile Include="engine\mainui\menus\CreateGame.cpp" />
    <ClCompile Include="engine\mainui\menus\Credits.cpp" />
    <ClCompile Include="engine\mainui\menus\CustomGame.cpp" />
    <ClCompile Include="engine\mainui\menus\dynamic\ScriptMenu.cpp" />
    <ClCompile Include="engine\mainui\menus\FileDialog.cpp" />
    <ClCompile Include="engine\mainui\menus\GameOptions.cpp" />
    <ClCompile Include="engine\mainui\menus\Gamepad.cpp" />
    <ClCompile Include="engine\mainui\menus\InputDevices.cpp" />
    <ClCompile Include="engine\mainui\menus\LoadGame.cpp" />
    <ClCompile Include="engine\mainui\menus\Main.cpp" />
    <ClCompile Include="engine\mainui\menus\Multiplayer.cpp" />
    <ClCompile Include="engine\mainui\menus\NewGame.cpp" />
    <ClCompile Include="engine\mainui\menus\PlayerIntroduceDialog.cpp" />
    <ClCompile Include="engine\mainui\menus\PlayerSetup.cpp" />
    <ClCompile Include="engine\mainui\menus\SaveLoad.cpp" />
    <ClCompile Include="engine\mainui\menus\ServerBrowser.cpp" />
    <ClCompile Include="engine\mainui\menus\Touch.cpp" />
    <ClCompile Include="engine\mainui\menus\TouchButtons.cpp" />
    <ClCompile Include="engine\mainui\menus\TouchEdit.cpp" />
    <ClCompile Include="engine\mainui\menus\TouchOptions.cpp" />
    <ClCompile Include="engine\mainui\menus\Video.cpp" />
    <ClCompile Include="engine\mainui\menus\VideoModes.cpp" />
    <ClCompile Include="engine\mainui\menus\VideoOptions.cpp" />
    <ClCompile Include="engine\mainui\menus\Zoo.cpp" />
    <ClCompile Include="engine\mainui\MenuStrings.cpp" />
    <ClCompile Include="engine\mainui\miniutl\bitstring.cpp" />
    <ClCompile Include="engine\mainui\miniutl\generichash.cpp" />
    <ClCompile Include="engine\mainui\miniutl\strtools.cpp" />
    <ClCompile Include="engine\mainui\miniutl\utlbuffer.cpp" />
    <ClCompile Include="engine\mainui\miniutl\utlmemory.cpp" />
    <ClCompile Include="engine\mainui\miniutl\utlstring.cpp" />
    <ClCompile Include="engine\mainui\Scissor.cpp" />
    <ClCompile Include="engine\mainui\udll_int.cpp" />
    <ClCompile Include="engine\mainui\unicode_strtools.cpp" />
    <ClCompile Include="engine\mainui\Utils.cpp" />
    <ClCompile Include="engine\mainui\WindowSystem.cpp" />
    <ClCompile Include="engine\opus\celt\bands.c" />
    <ClCompile Include="engine\opus\celt\celt.c" />
    <ClCompile Include="engine\opus\celt\celt_decoder.c" />
    <ClCompile Include="engine\opus\celt\celt_encoder.c" />
    <ClCompile Include="engine\opus\celt\celt_lpc.c" />
    <ClCompile Include="engine\opus\celt\cwrs.c" />
    <ClCompile Include="engine\opus\celt\entcode.c" />
    <ClCompile Include="engine\opus\celt\entdec.c" />
    <ClCompile Include="engine\opus\celt\entenc.c" />
    <ClCompile Include="engine\opus\celt\kiss_fft.c" />
    <ClCompile Include="engine\opus\celt\laplace.c" />
    <ClCompile Include="engine\opus\celt\mathops.c" />
    <ClCompile Include="engine\opus\celt\mdct.c" />
    <ClCompile Include="engine\opus\celt\modes.c" />
    <ClCompile Include="engine\opus\celt\pitch.c" />
    <ClCompile Include="engine\opus\celt\quant_bands.c" />
    <ClCompile Include="engine\opus\celt\rate.c" />
    <ClCompile Include="engine\opus\celt\vq.c" />
    <ClCompile Include="engine\opus\silk\A2NLSF.c" />
    <ClCompile Include="engine\opus\silk\ana_filt_bank_1.c" />
    <ClCompile Include="engine\opus\silk\biquad_alt.c" />
    <ClCompile Include="engine\opus\silk\bwexpander.c" />
    <ClCompile Include="engine\opus\silk\bwexpander_32.c" />
    <ClCompile Include="engine\opus\silk\check_control_input.c" />
    <ClCompile Include="engine\opus\silk\CNG.c" />
    <ClCompile Include="engine\opus\silk\code_signs.c" />
    <ClCompile Include="engine\opus\silk\control_audio_bandwidth.c" />
    <ClCompile Include="engine\opus\silk\control_codec.c" />
    <ClCompile Include="engine\opus\silk\control_SNR.c" />
    <ClCompile Include="engine\opus\silk\debug.c" />
    <ClCompile Include="engine\opus\silk\decoder_set_fs.c" />
    <ClCompile Include="engine\opus\silk\decode_core.c" />
    <ClCompile Include="engine\opus\silk\decode_frame.c" />
    <ClCompile Include="engine\opus\silk\decode_indices.c" />
    <ClCompile Include="engine\opus\silk\decode_parameters.c" />
    <ClCompile Include="engine\opus\silk\decode_pitch.c" />
    <ClCompile Include="engine\opus\silk\decode_pulses.c" />
    <ClCompile Include="engine\opus\silk\dec_API.c" />
    <ClCompile Include="engine\opus\silk\encode_indices.c" />
    <ClCompile Include="engine\opus\silk\encode_pulses.c" />
    <ClCompile Include="engine\opus\silk\enc_API.c" />
    <ClCompile Include="engine\opus\silk\float\apply_sine_window_FLP.c" />
    <ClCompile Include="engine\opus\silk\float\autocorrelation_FLP.c" />
    <ClCompile Include="engine\opus\silk\float\burg_modified_FLP.c" />
    <ClCompile Include="engine\opus\silk\float\bwexpander_FLP.c" />
    <ClCompile Include="engine\opus\silk\float\corrMatrix_FLP.c" />
    <ClCompile Include="engine\opus\silk\float\encode_frame_FLP.c" />
    <ClCompile Include="engine\opus\silk\float\energy_FLP.c" />
    <ClCompile Include="engine\opus\silk\float\find_LPC_FLP.c" />
    <ClCompile Include="engine\opus\silk\float\find_LTP_FLP.c" />
    <ClCompile Include="engine\opus\silk\float\find_pitch_lags_FLP.c" />
    <ClCompile Include="engine\opus\silk\float\find_pred_coefs_FLP.c" />
    <ClCompile Include="engine\opus\silk\float\inner_product_FLP.c" />
    <ClCompile Include="engine\opus\silk\float\k2a_FLP.c" />
    <ClCompile Include="engine\opus\silk\float\LPC_analysis_filter_FLP.c" />
    <ClCompile Include="engine\opus\silk\float\LPC_inv_pred_gain_FLP.c" />
    <ClCompile Include="engine\opus\silk\float\LTP_analysis_filter_FLP.c" />
    <ClCompile Include="engine\opus\silk\float\LTP_scale_ctrl_FLP.c" />
    <ClCompile Include="engine\opus\silk\float\noise_shape_analysis_FLP.c" />
    <ClCompile Include="engine\opus\silk\float\pitch_analysis_core_FLP.c" />
    <ClCompile Include="engine\opus\silk\float\process_gains_FLP.c" />
    <ClCompile Include="engine\opus\silk\float\regularize_correlations_FLP.c" />
    <ClCompile Include="engine\opus\silk\float\residual_energy_FLP.c" />
    <ClCompile Include="engine\opus\silk\float\scale_copy_vector_FLP.c" />
    <ClCompile Include="engine\opus\silk\float\scale_vector_FLP.c" />
    <ClCompile Include="engine\opus\silk\float\schur_FLP.c" />
    <ClCompile Include="engine\opus\silk\float\sort_FLP.c" />
    <ClCompile Include="engine\opus\silk\float\warped_autocorrelation_FLP.c" />
    <ClCompile Include="engine\opus\silk\float\wrappers_FLP.c" />
    <ClCompile Include="engine\opus\silk\gain_quant.c" />
    <ClCompile Include="engine\opus\silk\HP_variable_cutoff.c" />
    <ClCompile Include="engine\opus\silk\init_decoder.c" />
    <ClCompile Include="engine\opus\silk\init_encoder.c" />
    <ClCompile Include="engine\opus\silk\inner_prod_aligned.c" />
    <ClCompile Include="engine\opus\silk\interpolate.c" />
    <ClCompile Include="engine\opus\silk\lin2log.c" />
    <ClCompile Include="engine\opus\silk\log2lin.c" />
    <ClCompile Include="engine\opus\silk\LPC_analysis_filter.c" />
    <ClCompile Include="engine\opus\silk\LPC_fit.c" />
    <ClCompile Include="engine\opus\silk\LPC_inv_pred_gain.c" />
    <ClCompile Include="engine\opus\silk\LP_variable_cutoff.c" />
    <ClCompile Include="engine\opus\silk\NLSF2A.c" />
    <ClCompile Include="engine\opus\silk\NLSF_decode.c" />
    <ClCompile Include="engine\opus\silk\NLSF_del_dec_quant.c" />
    <ClCompile Include="engine\opus\silk\NLSF_encode.c" />
    <ClCompile Include="engine\opus\silk\NLSF_stabilize.c" />
    <ClCompile Include="engine\opus\silk\NLSF_unpack.c" />
    <ClCompile Include="engine\opus\silk\NLSF_VQ.c" />
    <ClCompile Include="engine\opus\silk\NLSF_VQ_weights_laroia.c" />
    <ClCompile Include="engine\opus\silk\NSQ.c" />
    <ClCompile Include="engine\opus\silk\NSQ_del_dec.c" />
    <ClCompile Include="engine\opus\silk\pitch_est_tables.c" />
    <ClCompile Include="engine\opus\silk\PLC.c" />
    <ClCompile Include="engine\opus\silk\process_NLSFs.c" />
    <ClCompile Include="engine\opus\silk\quant_LTP_gains.c" />
    <ClCompile Include="engine\opus\silk\resampler.c" />
    <ClCompile Include="engine\opus\silk\resampler_down2.c" />
    <ClCompile Include="engine\opus\silk\resampler_down2_3.c" />
    <ClCompile Include="engine\opus\silk\resampler_private_AR2.c" />
    <ClCompile Include="engine\opus\silk\resampler_private_down_FIR.c" />
    <ClCompile Include="engine\opus\silk\resampler_private_IIR_FIR.c" />
    <ClCompile Include="engine\opus\silk\resampler_private_up2_HQ.c" />
    <ClCompile Include="engine\opus\silk\resampler_rom.c" />
    <ClCompile Include="engine\opus\silk\shell_coder.c" />
    <ClCompile Include="engine\opus\silk\sigm_Q15.c" />
    <ClCompile Include="engine\opus\silk\sort.c" />
    <ClCompile Include="engine\opus\silk\stereo_decode_pred.c" />
    <ClCompile Include="engine\opus\silk\stereo_encode_pred.c" />
    <ClCompile Include="engine\opus\silk\stereo_find_predictor.c" />
    <ClCompile Include="engine\opus\silk\stereo_LR_to_MS.c" />
    <ClCompile Include="engine\opus\silk\stereo_MS_to_LR.c" />
    <ClCompile Include="engine\opus\silk\stereo_quant_pred.c" />
    <ClCompile Include="engine\opus\silk\sum_sqr_shift.c" />
    <ClCompile Include="engine\opus\silk\tables_gain.c" />
    <ClCompile Include="engine\opus\silk\tables_LTP.c" />
    <ClCompile Include="engine\opus\silk\tables_NLSF_CB_NB_MB.c" />
    <ClCompile Include="engine\opus\silk\tables_NLSF_CB_WB.c" />
    <ClCompile Include="engine\opus\silk\tables_other.c" />
    <ClCompile Include="engine\opus\silk\tables_pitch_lag.c" />
    <ClCompile Include="engine\opus\silk\tables_pulses_per_block.c" />
    <ClCompile Include="engine\opus\silk\table_LSF_cos.c" />
    <ClCompile Include="engine\opus\silk\VAD.c" />
    <ClCompile Include="engine\opus\silk\VQ_WMat_EC.c" />
    <ClCompile Include="engine\opus\src\analysis.c" />
    <ClCompile Include="engine\opus\src\mapping_matrix.c" />
    <ClCompile Include="engine\opus\src\mlp.c" />
    <ClCompile Include="engine\opus\src\mlp_data.c" />
    <ClCompile Include="engine\opus\src\opus.c" />
    <ClCompile Include="engine\opus\src\opus_decoder.c" />
    <ClCompile Include="engine\opus\src\opus_encoder.c" />
    <ClCompile Include="engine\opus\src\opus_multistream.c" />
    <ClCompile Include="engine\opus\src\opus_multistream_decoder.c" />
    <ClCompile Include="engine\opus\src\opus_multistream_encoder.c" />
    <ClCompile Include="engine\opus\src\opus_projection_decoder.c" />
    <ClCompile Include="engine\opus\src\opus_projection_encoder.c" />
    <ClCompile Include="engine\opus\src\repacketizer.c" />
    <ClCompile Include="engine\platform\stm32\events.cpp" />
    <ClCompile Include="engine\platform\stm32\in_sdl.c" />
    <ClCompile Include="engine\platform\stm32\sys_sdl.c" />
    <ClCompile Include="engine\platform\stm32\s_sdl.c" />
    <ClCompile Include="engine\platform\stm32\vid_sdl.c" />
    <ClCompile Include="engine\ref\soft\r_aclip.c" />
    <ClCompile Include="engine\ref\soft\r_beams.c" />
    <ClCompile Include="engine\ref\soft\r_bsp.c" />
    <ClCompile Include="engine\ref\soft\r_context.c" />
    <ClCompile Include="engine\ref\soft\r_decals.c" />
    <ClCompile Include="engine\ref\soft\r_draw.c" />
    <ClCompile Include="engine\ref\soft\r_edge.c" />
    <ClCompile Include="engine\ref\soft\r_glblit.c" />
    <ClCompile Include="engine\ref\soft\r_image.c" />
    <ClCompile Include="engine\ref\soft\r_light.c" />
    <ClCompile Include="engine\ref\soft\r_main.c" />
    <ClCompile Include="engine\ref\soft\r_math.c" />
    <ClCompile Include="engine\ref\soft\r_misc.c" />
    <ClCompile Include="engine\ref\soft\r_part.c" />
    <ClCompile Include="engine\ref\soft\r_polyse.c" />
    <ClCompile Include="engine\ref\soft\r_rast.c" />
    <ClCompile Include="engine\ref\soft\r_scan.c" />
    <ClCompile Include="engine\ref\soft\r_sprite.c" />
    <ClCompile Include="engine\ref\soft\r_studio.c" />
    <ClCompile Include="engine\ref\soft\r_surf.c" />
    <ClCompile Include="engine\ref\soft\r_trialias.c" />
    <ClCompile Include="engine\ref\soft\r_triapi.c" />
    <ClCompile Include="engine\ref\soft\r_vgui.c" />
    <ClCompile Include="engine\sdk\cl_dll\ammo.cpp" />
    <ClCompile Include="engine\sdk\cl_dll\ammohistory.cpp" />
    <ClCompile Include="engine\sdk\cl_dll\ammo_secondary.cpp" />
    <ClCompile Include="engine\sdk\cl_dll\battery.cpp" />
    <ClCompile Include="engine\sdk\cl_dll\cdll_int.cpp" />
    <ClCompile Include="engine\sdk\cl_dll\com_weapons.cpp" />
    <ClCompile Include="engine\sdk\cl_dll\death.cpp" />
    <ClCompile Include="engine\sdk\cl_dll\demo.cpp" />
    <ClCompile Include="engine\sdk\cl_dll\entity.cpp" />
    <ClCompile Include="engine\sdk\cl_dll\events_cpp.cpp" />
    <ClCompile Include="engine\sdk\cl_dll\ev_common.cpp" />
    <ClCompile Include="engine\sdk\cl_dll\ev_hldm.cpp" />
    <ClCompile Include="engine\sdk\cl_dll\flashlight.cpp" />
    <ClCompile Include="engine\sdk\cl_dll\GameStudioModelRenderer.cpp" />
    <ClCompile Include="engine\sdk\cl_dll\geiger.cpp" />
    <ClCompile Include="engine\sdk\cl_dll\health.cpp" />
    <ClCompile Include="engine\sdk\cl_dll\hud.cpp" />
    <ClCompile Include="engine\sdk\cl_dll\hud_msg.cpp" />
    <ClCompile Include="engine\sdk\cl_dll\hud_redraw.cpp" />
    <ClCompile Include="engine\sdk\cl_dll\hud_spectator.cpp" />
    <ClCompile Include="engine\sdk\cl_dll\hud_update.cpp" />
    <ClCompile Include="engine\sdk\cl_dll\input_cpp.cpp" />
    <ClCompile Include="engine\sdk\cl_dll\input_goldsource.cpp" />
    <ClCompile Include="engine\sdk\cl_dll\input_mouse.cpp" />
    <ClCompile Include="engine\sdk\cl_dll\input_xash3d.cpp" />
    <ClCompile Include="engine\sdk\cl_dll\in_camera.cpp" />
    <ClCompile Include="engine\sdk\cl_dll\menu.cpp" />
    <ClCompile Include="engine\sdk\cl_dll\message.cpp" />
    <ClCompile Include="engine\sdk\cl_dll\MOTD.cpp" />
    <ClCompile Include="engine\sdk\cl_dll\parsemsg.cpp" />
    <ClCompile Include="engine\sdk\cl_dll\saytext.cpp" />
    <ClCompile Include="engine\sdk\cl_dll\scoreboard.cpp" />
    <ClCompile Include="engine\sdk\cl_dll\statusbar.cpp" />
    <ClCompile Include="engine\sdk\cl_dll\status_icons.cpp" />
    <ClCompile Include="engine\sdk\cl_dll\StudioModelRenderer.cpp" />
    <ClCompile Include="engine\sdk\cl_dll\studio_util.cpp" />
    <ClCompile Include="engine\sdk\cl_dll\text_message.cpp" />
    <ClCompile Include="engine\sdk\cl_dll\train.cpp" />
    <ClCompile Include="engine\sdk\cl_dll\tri.cpp" />
    <ClCompile Include="engine\sdk\cl_dll\util.cpp" />
    <ClCompile Include="engine\sdk\cl_dll\view.cpp" />
    <ClCompile Include="engine\sdk\dlls\aflock.cpp" />
    <ClCompile Include="engine\sdk\dlls\agrunt.cpp" />
    <ClCompile Include="engine\sdk\dlls\airtank.cpp" />
    <ClCompile Include="engine\sdk\dlls\animating.cpp" />
    <ClCompile Include="engine\sdk\dlls\animation.cpp" />
    <ClCompile Include="engine\sdk\dlls\apache.cpp" />
    <ClCompile Include="engine\sdk\dlls\barnacle.cpp" />
    <ClCompile Include="engine\sdk\dlls\barney.cpp" />
    <ClCompile Include="engine\sdk\dlls\bigmomma.cpp" />
    <ClCompile Include="engine\sdk\dlls\bloater.cpp" />
    <ClCompile Include="engine\sdk\dlls\bmodels.cpp" />
    <ClCompile Include="engine\sdk\dlls\bullsquid.cpp" />
    <ClCompile Include="engine\sdk\dlls\buttons.cpp" />
    <ClCompile Include="engine\sdk\dlls\cbase.cpp" />
    <ClCompile Include="engine\sdk\dlls\client.cpp" />
    <ClCompile Include="engine\sdk\dlls\combat.cpp" />
    <ClCompile Include="engine\sdk\dlls\controller.cpp" />
    <ClCompile Include="engine\sdk\dlls\crossbow.cpp" />
    <ClCompile Include="engine\sdk\dlls\crowbar.cpp" />
    <ClCompile Include="engine\sdk\dlls\defaultai.cpp" />
    <ClCompile Include="engine\sdk\dlls\doors.cpp" />
    <ClCompile Include="engine\sdk\dlls\effects.cpp" />
    <ClCompile Include="engine\sdk\dlls\egon.cpp" />
    <ClCompile Include="engine\sdk\dlls\explode.cpp" />
    <ClCompile Include="engine\sdk\dlls\flyingmonster.cpp" />
    <ClCompile Include="engine\sdk\dlls\func_break.cpp" />
    <ClCompile Include="engine\sdk\dlls\func_tank.cpp" />
    <ClCompile Include="engine\sdk\dlls\game.cpp" />
    <ClCompile Include="engine\sdk\dlls\gamerules.cpp" />
    <ClCompile Include="engine\sdk\dlls\gargantua.cpp" />
    <ClCompile Include="engine\sdk\dlls\gauss.cpp" />
    <ClCompile Include="engine\sdk\dlls\genericmonster.cpp" />
    <ClCompile Include="engine\sdk\dlls\ggrenade.cpp" />
    <ClCompile Include="engine\sdk\dlls\globals.cpp" />
    <ClCompile Include="engine\sdk\dlls\glock.cpp" />
    <ClCompile Include="engine\sdk\dlls\gman.cpp" />
    <ClCompile Include="engine\sdk\dlls\handgrenade.cpp" />
    <ClCompile Include="engine\sdk\dlls\hassassin.cpp" />
    <ClCompile Include="engine\sdk\dlls\headcrab.cpp" />
    <ClCompile Include="engine\sdk\dlls\healthkit.cpp" />
    <ClCompile Include="engine\sdk\dlls\hgrunt.cpp" />
    <ClCompile Include="engine\sdk\dlls\hornet.cpp" />
    <ClCompile Include="engine\sdk\dlls\hornetgun.cpp" />
    <ClCompile Include="engine\sdk\dlls\houndeye.cpp" />
    <ClCompile Include="engine\sdk\dlls\h_ai.cpp" />
    <ClCompile Include="engine\sdk\dlls\h_battery.cpp" />
    <ClCompile Include="engine\sdk\dlls\h_cine.cpp" />
    <ClCompile Include="engine\sdk\dlls\h_cycler.cpp" />
    <ClCompile Include="engine\sdk\dlls\h_export.cpp" />
    <ClCompile Include="engine\sdk\dlls\ichthyosaur.cpp" />
    <ClCompile Include="engine\sdk\dlls\islave.cpp" />
    <ClCompile Include="engine\sdk\dlls\items.cpp" />
    <ClCompile Include="engine\sdk\dlls\leech.cpp" />
    <ClCompile Include="engine\sdk\dlls\lights.cpp" />
    <ClCompile Include="engine\sdk\dlls\maprules.cpp" />
    <ClCompile Include="engine\sdk\dlls\monstermaker.cpp" />
    <ClCompile Include="engine\sdk\dlls\monsters.cpp" />
    <ClCompile Include="engine\sdk\dlls\monsterstate.cpp" />
    <ClCompile Include="engine\sdk\dlls\mortar.cpp" />
    <ClCompile Include="engine\sdk\dlls\mp5.cpp" />
    <ClCompile Include="engine\sdk\dlls\multiplay_gamerules.cpp" />
    <ClCompile Include="engine\sdk\dlls\nihilanth.cpp" />
    <ClCompile Include="engine\sdk\dlls\nodes.cpp" />
    <ClCompile Include="engine\sdk\dlls\observer.cpp" />
    <ClCompile Include="engine\sdk\dlls\osprey.cpp" />
    <ClCompile Include="engine\sdk\dlls\pathcorner.cpp" />
    <ClCompile Include="engine\sdk\dlls\plane.cpp" />
    <ClCompile Include="engine\sdk\dlls\plats.cpp" />
    <ClCompile Include="engine\sdk\dlls\player.cpp" />
    <ClCompile Include="engine\sdk\dlls\playermonster.cpp" />
    <ClCompile Include="engine\sdk\dlls\prop.cpp" />
    <ClCompile Include="engine\sdk\dlls\python.cpp" />
    <ClCompile Include="engine\sdk\dlls\rat.cpp" />
    <ClCompile Include="engine\sdk\dlls\roach.cpp" />
    <ClCompile Include="engine\sdk\dlls\rpg.cpp" />
    <ClCompile Include="engine\sdk\dlls\satchel.cpp" />
    <ClCompile Include="engine\sdk\dlls\schedule.cpp" />
    <ClCompile Include="engine\sdk\dlls\scientist.cpp" />
    <ClCompile Include="engine\sdk\dlls\scripted.cpp" />
    <ClCompile Include="engine\sdk\dlls\shotgun.cpp" />
    <ClCompile Include="engine\sdk\dlls\singleplay_gamerules.cpp" />
    <ClCompile Include="engine\sdk\dlls\skill.cpp" />
    <ClCompile Include="engine\sdk\dlls\sound.cpp" />
    <ClCompile Include="engine\sdk\dlls\soundent.cpp" />
    <ClCompile Include="engine\sdk\dlls\spectator.cpp" />
    <ClCompile Include="engine\sdk\dlls\squadmonster.cpp" />
    <ClCompile Include="engine\sdk\dlls\squeakgrenade.cpp" />
    <ClCompile Include="engine\sdk\dlls\stats.cpp" />
    <ClCompile Include="engine\sdk\dlls\subs.cpp" />
    <ClCompile Include="engine\sdk\dlls\talkmonster.cpp" />
    <ClCompile Include="engine\sdk\dlls\teamplay_gamerules.cpp" />
    <ClCompile Include="engine\sdk\dlls\tempmonster.cpp" />
    <ClCompile Include="engine\sdk\dlls\tentacle.cpp" />
    <ClCompile Include="engine\sdk\dlls\triggers.cpp" />
    <ClCompile Include="engine\sdk\dlls\tripmine.cpp" />
    <ClCompile Include="engine\sdk\dlls\turret.cpp" />
    <ClCompile Include="engine\sdk\dlls\util_sdk.cpp" />
    <ClCompile Include="engine\sdk\dlls\weapons.cpp" />
    <ClCompile Include="engine\sdk\dlls\world_cpp.cpp" />
    <ClCompile Include="engine\sdk\dlls\Wxdebug.cpp" />
    <ClCompile Include="engine\sdk\dlls\xen.cpp" />
    <ClCompile Include="engine\sdk\dlls\zombie.cpp" />
    <ClCompile Include="engine\sdk\pm_shared\pm_debug_sdk.c" />
    <ClCompile Include="engine\sdk\pm_shared\pm_math.c" />
    <ClCompile Include="engine\sdk\pm_shared\pm_shared.c" />
    <ClCompile Include="engine\server\sv_client.c" />
    <ClCompile Include="engine\server\sv_cmds.c" />
    <ClCompile Include="engine\server\sv_custom.c" />
    <ClCompile Include="engine\server\sv_filter.c" />
    <ClCompile Include="engine\server\sv_frame.c" />
    <ClCompile Include="engine\server\sv_game.c" />
    <ClCompile Include="engine\server\sv_init.c" />
    <ClCompile Include="engine\server\sv_log.c" />
    <ClCompile Include="engine\server\sv_main.c" />
    <ClCompile Include="engine\server\sv_move.c" />
    <ClCompile Include="engine\server\sv_phys.c" />
    <ClCompile Include="engine\server\sv_pmove.c" />
    <ClCompile Include="engine\server\sv_save.c" />
    <ClCompile Include="engine\server\sv_world.c" />
    <ClCompile Include="public\build.c" />
    <ClCompile Include="public\crclib.c" />
    <ClCompile Include="public\crtlib.c" />
    <ClCompile Include="public\matrixlib.c" />
    <ClCompile Include="public\xash3d_mathlib.c" />
  </ItemGroup>
  <ItemGroup>
    <ClInclude Include="$(MSFS_SDK)WASM\include\MSFS\render\fontstash.h" />
    <ClInclude Include="$(MSFS_SDK)WASM\include\MSFS\render\nanovg.h" />
    <ClInclude Include="$(MSFS_SDK)WASM\include\MSFS\render\stb_image.h" />
    <ClInclude Include="$(MSFS_SDK)WASM\include\MSFS\render\stb_truetype.h" />
    <ClInclude Include="common\backends.h" />
    <ClInclude Include="common\beamdef.h" />
    <ClInclude Include="common\boneinfo.h" />
    <ClInclude Include="common\bspfile.h" />
    <ClInclude Include="common\cl_entity.h" />
    <ClInclude Include="common\com_image.h" />
    <ClInclude Include="common\com_model.h" />
    <ClInclude Include="common\const.h" />
    <ClInclude Include="common\con_nprint.h" />
    <ClInclude Include="common\cvardef.h" />
    <ClInclude Include="common\defaults.h" />
    <ClInclude Include="common\demo_api.h" />
    <ClInclude Include="common\dlight.h" />
    <ClInclude Include="common\enginefeatures.h" />
    <ClInclude Include="common\entity_state.h" />
    <ClInclude Include="common\entity_types.h" />
    <ClInclude Include="common\event_api.h" />
    <ClInclude Include="common\event_args.h" />
    <ClInclude Include="common\event_flags.h" />
    <ClInclude Include="common\gameinfo.h" />
    <ClInclude Include="common\hltv.h" />
    <ClInclude Include="common\ivoicetweak.h" />
    <ClInclude Include="common\kbutton.h" />
    <ClInclude Include="common\lightstyle.h" />
    <ClInclude Include="common\mathlib.h" />
    <ClInclude Include="common\netadr.h" />
    <ClInclude Include="common\net_api.h" />
    <ClInclude Include="common\particledef.h" />
    <ClInclude Include="common\pmtrace.h" />
    <ClInclude Include="common\port.h" />
    <ClInclude Include="common\qfont.h" />
    <ClInclude Include="common\ref_params.h" />
    <ClInclude Include="common\render_api.h" />
    <ClInclude Include="common\r_efx.h" />
    <ClInclude Include="common\r_studioint.h" />
    <ClInclude Include="common\screenfade.h" />
    <ClInclude Include="common\studio_event.h" />
    <ClInclude Include="common\synctype.h" />
    <ClInclude Include="common\triangleapi.h" />
    <ClInclude Include="common\usercmd.h" />
    <ClInclude Include="common\wadfile.h" />
    <ClInclude Include="common\weaponinfo.h" />
    <ClInclude Include="common\wrect.h" />
    <ClInclude Include="common\xash3d_types.h" />
    <ClInclude Include="engine\alias.h" />
    <ClInclude Include="engine\anorms.h" />
    <ClInclude Include="engine\cdll_exp.h" />
    <ClInclude Include="engine\cdll_int.h" />
    <ClInclude Include="engine\client\avi\avi.h" />
    <ClInclude Include="engine\client\client.h" />
    <ClInclude Include="engine\client\cl_tent.h" />
    <ClInclude Include="engine\client\input.h" />
    <ClInclude Include="engine\client\ref_common.h" />
    <ClInclude Include="engine\client\sound.h" />
    <ClInclude Include="engine\client\vgui\vgui_draw.h" />
    <ClInclude Include="engine\client\vid_common.h" />
    <ClInclude Include="engine\client\voice.h" />
    <ClInclude Include="engine\client\vox.h" />
    <ClInclude Include="engine\common\base_cmd.h" />
    <ClInclude Include="engine\common\common.h" />
    <ClInclude Include="engine\common\com_strings.h" />
    <ClInclude Include="engine\common\const_dll.h" />
    <ClInclude Include="engine\common\cvar.h" />
    <ClInclude Include="engine\common\hpak.h" />
    <ClInclude Include="engine\common\imagelib\imagelib.h" />
    <ClInclude Include="engine\common\imagelib\img_bmp.h" />
    <ClInclude Include="engine\common\imagelib\img_dds.h" />
    <ClInclude Include="engine\common\imagelib\img_tga.h" />
    <ClInclude Include="engine\common\ipv6text.h" />
    <ClInclude Include="engine\common\library.h" />
    <ClInclude Include="engine\common\mod_local.h" />
    <ClInclude Include="engine\common\netchan.h" />
    <ClInclude Include="engine\common\net_buffer.h" />
    <ClInclude Include="engine\common\net_encode.h" />
    <ClInclude Include="engine\common\net_ws.h" />
    <ClInclude Include="engine\common\pm_local.h" />
    <ClInclude Include="engine\common\protocol.h" />
    <ClInclude Include="engine\common\soundlib\libmpg\fmt123.h" />
    <ClInclude Include="engine\common\soundlib\libmpg\frame.h" />
    <ClInclude Include="engine\common\soundlib\libmpg\getbits.h" />
    <ClInclude Include="engine\common\soundlib\libmpg\huffman.h" />
    <ClInclude Include="engine\common\soundlib\libmpg\index.h" />
    <ClInclude Include="engine\common\soundlib\libmpg\libmpg.h" />
    <ClInclude Include="engine\common\soundlib\libmpg\mpeghead.h" />
    <ClInclude Include="engine\common\soundlib\libmpg\mpg123.h" />
    <ClInclude Include="engine\common\soundlib\libmpg\reader.h" />
    <ClInclude Include="engine\common\soundlib\libmpg\sample.h" />
    <ClInclude Include="engine\common\soundlib\libmpg\synth.h" />
    <ClInclude Include="engine\common\soundlib\soundlib.h" />
    <ClInclude Include="engine\common\system.h" />
    <ClInclude Include="engine\common\tests.h" />
    <ClInclude Include="engine\common\whereami.h" />
    <ClInclude Include="engine\common\world.h" />
    <ClInclude Include="engine\cursor_type.h" />
    <ClInclude Include="engine\custom.h" />
    <ClInclude Include="engine\customentity.h" />
    <ClInclude Include="engine\edict.h" />
    <ClInclude Include="engine\eiface.h" />
    <ClInclude Include="engine\filesystem\filesystem.h" />
    <ClInclude Include="engine\filesystem\filesystem_internal.h" />
    <ClInclude Include="engine\filesystem\fscallback.h" />
    <ClInclude Include="engine\filesystem\VFileSystem009.h" />
    <ClInclude Include="engine\keydefs.h" />
    <ClInclude Include="engine\key_modifiers.h" />
    <ClInclude Include="engine\mainui\BaseMenu.h" />
    <ClInclude Include="engine\mainui\BMPUtils.h" />
    <ClInclude Include="engine\mainui\BtnsBMPTable.h" />
    <ClInclude Include="engine\mainui\CFGScript.h" />
    <ClInclude Include="engine\mainui\Color.h" />
    <ClInclude Include="engine\mainui\controls\Action.h" />
    <ClInclude Include="engine\mainui\controls\BackgroundBitmap.h" />
    <ClInclude Include="engine\mainui\controls\BaseClientWindow.h" />
    <ClInclude Include="engine\mainui\controls\BaseItem.h" />
    <ClInclude Include="engine\mainui\controls\BaseWindow.h" />
    <ClInclude Include="engine\mainui\controls\Bitmap.h" />
    <ClInclude Include="engine\mainui\controls\CheckBox.h" />
    <ClInclude Include="engine\mainui\controls\Editable.h" />
    <ClInclude Include="engine\mainui\controls\Field.h" />
    <ClInclude Include="engine\mainui\controls\Framework.h" />
    <ClInclude Include="engine\mainui\controls\ItemsHolder.h" />
    <ClInclude Include="engine\mainui\controls\MessageBox.h" />
    <ClInclude Include="engine\mainui\controls\PicButton.h" />
    <ClInclude Include="engine\mainui\controls\PlayerModelView.h" />
    <ClInclude Include="engine\mainui\controls\ProgressBar.h" />
    <ClInclude Include="engine\mainui\controls\ScrollView.h" />
    <ClInclude Include="engine\mainui\controls\Slider.h" />
    <ClInclude Include="engine\mainui\controls\SpinControl.h" />
    <ClInclude Include="engine\mainui\controls\Switch.h" />
    <ClInclude Include="engine\mainui\controls\Table.h" />
    <ClInclude Include="engine\mainui\controls\TabView.h" />
    <ClInclude Include="engine\mainui\controls\YesNoMessageBox.h" />
    <ClInclude Include="engine\mainui\Coord.h" />
    <ClInclude Include="engine\mainui\enginecallback_menu.h" />
    <ClInclude Include="engine\mainui\EventSystem.h" />
    <ClInclude Include="engine\mainui\extdll_menu.h" />
    <ClInclude Include="engine\mainui\font\BaseFontBackend.h" />
    <ClInclude Include="engine\mainui\font\BitmapFont.h" />
    <ClInclude Include="engine\mainui\font\FontManager.h" />
    <ClInclude Include="engine\mainui\font\FontRenderer.h" />
    <ClInclude Include="engine\mainui\Image.h" />
    <ClInclude Include="engine\mainui\menufont.h" />
    <ClInclude Include="engine\mainui\menus\PlayerIntroduceDialog.h" />
    <ClInclude Include="engine\mainui\MenuStrings.h" />
    <ClInclude Include="engine\mainui\miniutl\bitstring.h" />
    <ClInclude Include="engine\mainui\miniutl\fmtstr.h" />
    <ClInclude Include="engine\mainui\miniutl\generichash.h" />
    <ClInclude Include="engine\mainui\miniutl\ipv6text.h" />
    <ClInclude Include="engine\mainui\miniutl\minbase_endian.h" />
    <ClInclude Include="engine\mainui\miniutl\miniutl.h" />
    <ClInclude Include="engine\mainui\miniutl\strtools.h" />
    <ClInclude Include="engine\mainui\miniutl\utlbuffer.h" />
    <ClInclude Include="engine\mainui\miniutl\utlhashmap.h" />
    <ClInclude Include="engine\mainui\miniutl\utllinkedlist.h" />
    <ClInclude Include="engine\mainui\miniutl\utlmap.h" />
    <ClInclude Include="engine\mainui\miniutl\utlmemory.h" />
    <ClInclude Include="engine\mainui\miniutl\utlpriorityqueue.h" />
    <ClInclude Include="engine\mainui\miniutl\utlrbtree.h" />
    <ClInclude Include="engine\mainui\miniutl\utlstring.h" />
    <ClInclude Include="engine\mainui\miniutl\utlvector.h" />
    <ClInclude Include="engine\mainui\miniutl\winlite.h" />
    <ClInclude Include="engine\mainui\model\BaseArrayModel.h" />
    <ClInclude Include="engine\mainui\model\BaseModel.h" />
    <ClInclude Include="engine\mainui\model\StringArrayModel.h" />
    <ClInclude Include="engine\mainui\model\StringVectorModel.h" />
    <ClInclude Include="engine\mainui\Primitive.h" />
    <ClInclude Include="engine\mainui\Scissor.h" />
    <ClInclude Include="engine\mainui\unicode_strtools.h" />
    <ClInclude Include="engine\mainui\Utils.h" />
    <ClInclude Include="engine\mainui\WindowSystem.h" />
    <ClInclude Include="engine\menu_int.h" />
    <ClInclude Include="engine\mobility_int.h" />
    <ClInclude Include="engine\opus\celt\arch.h" />
    <ClInclude Include="engine\opus\celt\arm\armcpu.h" />
    <ClInclude Include="engine\opus\celt\arm\fft_arm.h" />
    <ClInclude Include="engine\opus\celt\arm\fixed_arm64.h" />
    <ClInclude Include="engine\opus\celt\arm\fixed_armv4.h" />
    <ClInclude Include="engine\opus\celt\arm\fixed_armv5e.h" />
    <ClInclude Include="engine\opus\celt\arm\kiss_fft_armv4.h" />
    <ClInclude Include="engine\opus\celt\arm\kiss_fft_armv5e.h" />
    <ClInclude Include="engine\opus\celt\arm\mdct_arm.h" />
    <ClInclude Include="engine\opus\celt\arm\pitch_arm.h" />
    <ClInclude Include="engine\opus\celt\bands.h" />
    <ClInclude Include="engine\opus\celt\celt.h" />
    <ClInclude Include="engine\opus\celt\celt_lpc.h" />
    <ClInclude Include="engine\opus\celt\cpu_support.h" />
    <ClInclude Include="engine\opus\celt\cwrs.h" />
    <ClInclude Include="engine\opus\celt\dump_modes\dump_modes_arch.h" />
    <ClInclude Include="engine\opus\celt\ecintrin.h" />
    <ClInclude Include="engine\opus\celt\entcode.h" />
    <ClInclude Include="engine\opus\celt\entdec.h" />
    <ClInclude Include="engine\opus\celt\entenc.h" />
    <ClInclude Include="engine\opus\celt\fixed_c5x.h" />
    <ClInclude Include="engine\opus\celt\fixed_c6x.h" />
    <ClInclude Include="engine\opus\celt\fixed_debug.h" />
    <ClInclude Include="engine\opus\celt\fixed_generic.h" />
    <ClInclude Include="engine\opus\celt\float_cast.h" />
    <ClInclude Include="engine\opus\celt\kiss_fft.h" />
    <ClInclude Include="engine\opus\celt\laplace.h" />
    <ClInclude Include="engine\opus\celt\mathops.h" />
    <ClInclude Include="engine\opus\celt\mdct.h" />
    <ClInclude Include="engine\opus\celt\mfrngcod.h" />
    <ClInclude Include="engine\opus\celt\mips\celt_mipsr1.h" />
    <ClInclude Include="engine\opus\celt\mips\fixed_generic_mipsr1.h" />
    <ClInclude Include="engine\opus\celt\mips\kiss_fft_mipsr1.h" />
    <ClInclude Include="engine\opus\celt\mips\mdct_mipsr1.h" />
    <ClInclude Include="engine\opus\celt\mips\pitch_mipsr1.h" />
    <ClInclude Include="engine\opus\celt\mips\vq_mipsr1.h" />
    <ClInclude Include="engine\opus\celt\modes.h" />
    <ClInclude Include="engine\opus\celt\os_support.h" />
    <ClInclude Include="engine\opus\celt\pitch.h" />
    <ClInclude Include="engine\opus\celt\quant_bands.h" />
    <ClInclude Include="engine\opus\celt\rate.h" />
    <ClInclude Include="engine\opus\celt\stack_alloc.h" />
    <ClInclude Include="engine\opus\celt\static_modes_fixed.h" />
    <ClInclude Include="engine\opus\celt\static_modes_fixed_arm_ne10.h" />
    <ClInclude Include="engine\opus\celt\static_modes_float.h" />
    <ClInclude Include="engine\opus\celt\static_modes_float_arm_ne10.h" />
    <ClInclude Include="engine\opus\celt\vq.h" />
    <ClInclude Include="engine\opus\celt\x86\celt_lpc_sse.h" />
    <ClInclude Include="engine\opus\celt\x86\pitch_sse.h" />
    <ClInclude Include="engine\opus\celt\x86\vq_sse.h" />
    <ClInclude Include="engine\opus\celt\x86\x86cpu.h" />
    <ClInclude Include="engine\opus\celt\_kiss_fft_guts.h" />
    <ClInclude Include="engine\opus\include\opus.h" />
    <ClInclude Include="engine\opus\include\opus_custom.h" />
    <ClInclude Include="engine\opus\include\opus_defines.h" />
    <ClInclude Include="engine\opus\include\opus_multistream.h" />
    <ClInclude Include="engine\opus\include\opus_projection.h" />
    <ClInclude Include="engine\opus\include\opus_types.h" />
    <ClInclude Include="engine\opus\silk\API.h" />
    <ClInclude Include="engine\opus\silk\arm\biquad_alt_arm.h" />
    <ClInclude Include="engine\opus\silk\arm\LPC_inv_pred_gain_arm.h" />
    <ClInclude Include="engine\opus\silk\arm\macros_arm64.h" />
    <ClInclude Include="engine\opus\silk\arm\macros_armv4.h" />
    <ClInclude Include="engine\opus\silk\arm\macros_armv5e.h" />
    <ClInclude Include="engine\opus\silk\arm\NSQ_del_dec_arm.h" />
    <ClInclude Include="engine\opus\silk\arm\NSQ_neon.h" />
    <ClInclude Include="engine\opus\silk\arm\SigProc_FIX_armv4.h" />
    <ClInclude Include="engine\opus\silk\arm\SigProc_FIX_armv5e.h" />
    <ClInclude Include="engine\opus\silk\control.h" />
    <ClInclude Include="engine\opus\silk\debug.h" />
    <ClInclude Include="engine\opus\silk\define.h" />
    <ClInclude Include="engine\opus\silk\errors.h" />
    <ClInclude Include="engine\opus\silk\fixed\arm\warped_autocorrelation_FIX_arm.h" />
    <ClInclude Include="engine\opus\silk\fixed\main_FIX.h" />
    <ClInclude Include="engine\opus\silk\fixed\mips\noise_shape_analysis_FIX_mipsr1.h" />
    <ClInclude Include="engine\opus\silk\fixed\mips\prefilter_FIX_mipsr1.h" />
    <ClInclude Include="engine\opus\silk\fixed\mips\warped_autocorrelation_FIX_mipsr1.h" />
    <ClInclude Include="engine\opus\silk\fixed\structs_FIX.h" />
    <ClInclude Include="engine\opus\silk\float\main_FLP.h" />
    <ClInclude Include="engine\opus\silk\float\SigProc_FLP.h" />
    <ClInclude Include="engine\opus\silk\float\structs_FLP.h" />
    <ClInclude Include="engine\opus\silk\Inlines.h" />
    <ClInclude Include="engine\opus\silk\MacroCount.h" />
    <ClInclude Include="engine\opus\silk\MacroDebug.h" />
    <ClInclude Include="engine\opus\silk\macros.h" />
    <ClInclude Include="engine\opus\silk\main.h" />
    <ClInclude Include="engine\opus\silk\mips\macros_mipsr1.h" />
    <ClInclude Include="engine\opus\silk\mips\NSQ_del_dec_mipsr1.h" />
    <ClInclude Include="engine\opus\silk\mips\sigproc_fix_mipsr1.h" />
    <ClInclude Include="engine\opus\silk\NSQ.h" />
    <ClInclude Include="engine\opus\silk\pitch_est_defines.h" />
    <ClInclude Include="engine\opus\silk\PLC.h" />
    <ClInclude Include="engine\opus\silk\resampler_private.h" />
    <ClInclude Include="engine\opus\silk\resampler_rom.h" />
    <ClInclude Include="engine\opus\silk\resampler_structs.h" />
    <ClInclude Include="engine\opus\silk\SigProc_FIX.h" />
    <ClInclude Include="engine\opus\silk\structs.h" />
    <ClInclude Include="engine\opus\silk\tables.h" />
    <ClInclude Include="engine\opus\silk\tuning_parameters.h" />
    <ClInclude Include="engine\opus\silk\typedef.h" />
    <ClInclude Include="engine\opus\silk\x86\main_sse.h" />
    <ClInclude Include="engine\opus\silk\x86\SigProc_FIX_sse.h" />
    <ClInclude Include="engine\opus\src\analysis.h" />
    <ClInclude Include="engine\opus\src\mapping_matrix.h" />
    <ClInclude Include="engine\opus\src\mlp.h" />
    <ClInclude Include="engine\opus\src\opus_private.h" />
    <ClInclude Include="engine\opus\src\tansig_table.h" />
    <ClInclude Include="engine\opus\tests\test_opus_common.h" />
    <ClInclude Include="engine\opus\win32\config.h" />
    <ClInclude Include="engine\physint.h" />
    <ClInclude Include="engine\platform\fatfs\diskio.h" />
    <ClInclude Include="engine\platform\fatfs\ff.h" />
    <ClInclude Include="engine\platform\fatfs\ffconf.h" />
    <ClInclude Include="engine\platform\misc\swap.h" />
    <ClInclude Include="engine\platform\platform.h" />
    <ClInclude Include="engine\platform\posix\net.h" />
    <ClInclude Include="engine\platform\stm32\events.h" />
    <ClInclude Include="engine\platform\stub\net_stub.h" />
    <ClInclude Include="engine\platform\WindowData.h" />
    <ClInclude Include="engine\platform\WindowData_Win.h" />
    <ClInclude Include="engine\progdefs.h" />
    <ClInclude Include="engine\ref\gl\gl_export.h" />
    <ClInclude Include="engine\ref\soft\adivtab.h" />
    <ClInclude Include="engine\ref\soft\r_local.h" />
    <ClInclude Include="engine\ref_api.h" />
    <ClInclude Include="engine\sdk\cl_dll\ammo.h" />
    <ClInclude Include="engine\sdk\cl_dll\ammohistory.h" />
    <ClInclude Include="engine\sdk\cl_dll\camera.h" />
    <ClInclude Include="engine\sdk\cl_dll\cl_dll.h" />
    <ClInclude Include="engine\sdk\cl_dll\cl_util.h" />
    <ClInclude Include="engine\sdk\cl_dll\com_weapons.h" />
    <ClInclude Include="engine\sdk\cl_dll\demo.h" />
    <ClInclude Include="engine\sdk\cl_dll\eventscripts.h" />
    <ClInclude Include="engine\sdk\cl_dll\ev_hldm.h" />
    <ClInclude Include="engine\sdk\cl_dll\GameStudioModelRenderer.h" />
    <ClInclude Include="engine\sdk\cl_dll\health.h" />
    <ClInclude Include="engine\sdk\cl_dll\hud.h" />
    <ClInclude Include="engine\sdk\cl_dll\hud_iface.h" />
    <ClInclude Include="engine\sdk\cl_dll\hud_servers_priv.h" />
    <ClInclude Include="engine\sdk\cl_dll\hud_spectator.h" />
    <ClInclude Include="engine\sdk\cl_dll\input_mouse.h" />
    <ClInclude Include="engine\sdk\cl_dll\in_defs.h" />
    <ClInclude Include="engine\sdk\cl_dll\kbutton.h" />
    <ClInclude Include="engine\sdk\cl_dll\parsemsg.h" />
    <ClInclude Include="engine\sdk\cl_dll\StudioModelRenderer.h" />
    <ClInclude Include="engine\sdk\cl_dll\studio_util.h" />
    <ClInclude Include="engine\sdk\cl_dll\tf_defs.h" />
    <ClInclude Include="engine\sdk\cl_dll\util_vector.h" />
    <ClInclude Include="engine\sdk\cl_dll\view.h" />
    <ClInclude Include="engine\sdk\cl_dll\voice_status.h" />
    <ClInclude Include="engine\sdk\cl_dll\wrect.h" />
    <ClInclude Include="engine\sdk\common\beamdef.h" />
    <ClInclude Include="engine\sdk\common\cl_entity.h" />
    <ClInclude Include="engine\sdk\common\com_model.h" />
    <ClInclude Include="engine\sdk\common\const.h" />
    <ClInclude Include="engine\sdk\common\con_nprint.h" />
    <ClInclude Include="engine\sdk\common\cvardef.h" />
    <ClInclude Include="engine\sdk\common\demo_api.h" />
    <ClInclude Include="engine\sdk\common\dlight.h" />
    <ClInclude Include="engine\sdk\common\entity_state.h" />
    <ClInclude Include="engine\sdk\common\entity_types.h" />
    <ClInclude Include="engine\sdk\common\event_api.h" />
    <ClInclude Include="engine\sdk\common\event_args.h" />
    <ClInclude Include="engine\sdk\common\event_flags.h" />
    <ClInclude Include="engine\sdk\common\hltv.h" />
    <ClInclude Include="engine\sdk\common\ivoicetweak.h" />
    <ClInclude Include="engine\sdk\common\mathlib.h" />
    <ClInclude Include="engine\sdk\common\netadr.h" />
    <ClInclude Include="engine\sdk\common\net_api.h" />
    <ClInclude Include="engine\sdk\common\particledef.h" />
    <ClInclude Include="engine\sdk\common\pmtrace.h" />
    <ClInclude Include="engine\sdk\common\qfont.h" />
    <ClInclude Include="engine\sdk\common\ref_params.h" />
    <ClInclude Include="engine\sdk\common\r_efx.h" />
    <ClInclude Include="engine\sdk\common\r_studioint.h" />
    <ClInclude Include="engine\sdk\common\screenfade.h" />
    <ClInclude Include="engine\sdk\common\studio_event.h" />
    <ClInclude Include="engine\sdk\common\triangleapi.h" />
    <ClInclude Include="engine\sdk\common\usercmd.h" />
    <ClInclude Include="engine\sdk\common\wadfile.h" />
    <ClInclude Include="engine\sdk\common\weaponinfo.h" />
    <ClInclude Include="engine\sdk\common\winsani_in.h" />
    <ClInclude Include="engine\sdk\common\winsani_out.h" />
    <ClInclude Include="engine\sdk\dlls\activity.h" />
    <ClInclude Include="engine\sdk\dlls\activitymap.h" />
    <ClInclude Include="engine\sdk\dlls\animation.h" />
    <ClInclude Include="engine\sdk\dlls\basemonster.h" />
    <ClInclude Include="engine\sdk\dlls\cbase.h" />
    <ClInclude Include="engine\sdk\dlls\cdll_dll.h" />
    <ClInclude Include="engine\sdk\dlls\client.h" />
    <ClInclude Include="engine\sdk\dlls\decals.h" />
    <ClInclude Include="engine\sdk\dlls\defaultai.h" />
    <ClInclude Include="engine\sdk\dlls\doors.h" />
    <ClInclude Include="engine\sdk\dlls\effects.h" />
    <ClInclude Include="engine\sdk\dlls\enginecallback.h" />
    <ClInclude Include="engine\sdk\dlls\explode.h" />
    <ClInclude Include="engine\sdk\dlls\exportdef.h" />
    <ClInclude Include="engine\sdk\dlls\extdll.h" />
    <ClInclude Include="engine\sdk\dlls\flyingmonster.h" />
    <ClInclude Include="engine\sdk\dlls\func_break.h" />
    <ClInclude Include="engine\sdk\dlls\game.h" />
    <ClInclude Include="engine\sdk\dlls\gamerules.h" />
    <ClInclude Include="engine\sdk\dlls\hornet.h" />
    <ClInclude Include="engine\sdk\dlls\items.h" />
    <ClInclude Include="engine\sdk\dlls\maprules.h" />
    <ClInclude Include="engine\sdk\dlls\monsterevent.h" />
    <ClInclude Include="engine\sdk\dlls\monsters.h" />
    <ClInclude Include="engine\sdk\dlls\nodes.h" />
    <ClInclude Include="engine\sdk\dlls\nodes_compat.h" />
    <ClInclude Include="engine\sdk\dlls\plane.h" />
    <ClInclude Include="engine\sdk\dlls\player.h" />
    <ClInclude Include="engine\sdk\dlls\saverestore.h" />
    <ClInclude Include="engine\sdk\dlls\schedule.h" />
    <ClInclude Include="engine\sdk\dlls\scripted.h" />
    <ClInclude Include="engine\sdk\dlls\scriptevent.h" />
    <ClInclude Include="engine\sdk\dlls\skill.h" />
    <ClInclude Include="engine\sdk\dlls\soundent.h" />
    <ClInclude Include="engine\sdk\dlls\spectator.h" />
    <ClInclude Include="engine\sdk\dlls\squad.h" />
    <ClInclude Include="engine\sdk\dlls\squadmonster.h" />
    <ClInclude Include="engine\sdk\dlls\talkmonster.h" />
    <ClInclude Include="engine\sdk\dlls\teamplay_gamerules.h" />
    <ClInclude Include="engine\sdk\dlls\trains.h" />
    <ClInclude Include="engine\sdk\dlls\util.h" />
    <ClInclude Include="engine\sdk\dlls\vector.h" />
    <ClInclude Include="engine\sdk\dlls\weapons.h" />
    <ClInclude Include="engine\sdk\dlls\wxdebug.h" />
    <ClInclude Include="engine\sdk\engine\anorms.h" />
    <ClInclude Include="engine\sdk\engine\cdll_int.h" />
    <ClInclude Include="engine\sdk\engine\custom.h" />
    <ClInclude Include="engine\sdk\engine\customentity.h" />
    <ClInclude Include="engine\sdk\engine\edict.h" />
    <ClInclude Include="engine\sdk\engine\eiface.h" />
    <ClInclude Include="engine\sdk\engine\keydefs.h" />
    <ClInclude Include="engine\sdk\engine\mobility_int.h" />
    <ClInclude Include="engine\sdk\engine\progdefs.h" />
    <ClInclude Include="engine\sdk\engine\shake.h" />
    <ClInclude Include="engine\sdk\engine\sprite.h" />
    <ClInclude Include="engine\sdk\engine\studio.h" />
    <ClInclude Include="engine\sdk\game_shared\bitvec.h" />
    <ClInclude Include="engine\sdk\game_shared\vgui_checkbutton2.h" />
    <ClInclude Include="engine\sdk\game_shared\vgui_defaultinputsignal.h" />
    <ClInclude Include="engine\sdk\game_shared\vgui_grid.h" />
    <ClInclude Include="engine\sdk\game_shared\vgui_helpers.h" />
    <ClInclude Include="engine\sdk\game_shared\vgui_listbox.h" />
    <ClInclude Include="engine\sdk\game_shared\vgui_loadtga.h" />
    <ClInclude Include="engine\sdk\game_shared\vgui_scrollbar2.h" />
    <ClInclude Include="engine\sdk\game_shared\vgui_slider2.h" />
    <ClInclude Include="engine\sdk\game_shared\voice_banmgr.h" />
    <ClInclude Include="engine\sdk\game_shared\voice_common.h" />
    <ClInclude Include="engine\sdk\game_shared\voice_gamemgr.h" />
    <ClInclude Include="engine\sdk\game_shared\voice_status.h" />
    <ClInclude Include="engine\sdk\game_shared\voice_vgui_tweakdlg.h" />
    <ClInclude Include="engine\sdk\pm_shared\pm_debug.h" />
    <ClInclude Include="engine\sdk\pm_shared\pm_defs.h" />
    <ClInclude Include="engine\sdk\pm_shared\pm_info.h" />
    <ClInclude Include="engine\sdk\pm_shared\pm_materials.h" />
    <ClInclude Include="engine\sdk\pm_shared\pm_movevars.h" />
    <ClInclude Include="engine\sdk\pm_shared\pm_shared.h" />
    <ClInclude Include="engine\sdk\public\build.h" />
    <ClInclude Include="engine\sdk\utils\fake_vgui\include\VGUI.h" />
    <ClInclude Include="engine\sdk\utils\fake_vgui\include\VGUI_App.h" />
    <ClInclude Include="engine\sdk\utils\fake_vgui\include\VGUI_Color.h" />
    <ClInclude Include="engine\sdk\utils\fake_vgui\include\VGUI_Cursor.h" />
    <ClInclude Include="engine\sdk\utils\fake_vgui\include\VGUI_Dar.h" />
    <ClInclude Include="engine\sdk\utils\fake_vgui\include\VGUI_KeyCode.h" />
    <ClInclude Include="engine\sdk\utils\fake_vgui\include\VGUI_MouseCode.h" />
    <ClInclude Include="engine\sdk\utils\fake_vgui\include\VGUI_Panel.h" />
    <ClInclude Include="engine\sdk\utils\fake_vgui\include\VGUI_Scheme.h" />
    <ClInclude Include="engine\sequence.h" />
    <ClInclude Include="engine\server\server.h" />
    <ClInclude Include="engine\shake.h" />
    <ClInclude Include="engine\sprite.h" />
    <ClInclude Include="engine\studio.h" />
    <ClInclude Include="engine\vgui_api.h" />
    <ClInclude Include="engine\warpsin.h" />
    <ClInclude Include="pm_shared\pm_defs.h" />
    <ClInclude Include="pm_shared\pm_info.h" />
    <ClInclude Include="pm_shared\pm_movevars.h" />
    <ClInclude Include="public\build.h" />
    <ClInclude Include="public\buildenums.h" />
    <ClInclude Include="public\crclib.h" />
    <ClInclude Include="public\crtlib.h" />
    <ClInclude Include="public\miniz.h" />
    <ClInclude Include="public\pstdint.h" />
    <ClInclude Include="public\xash3d_mathlib.h" />
  </ItemGroup>
  <ItemGroup>
    <Filter Include="Utils">
      <UniqueIdentifier>{127a6c6e-3b72-4223-a37d-c591874b3b6f}</UniqueIdentifier>
    </Filter>
  </ItemGroup>
</Project>